// !$*UTF8*$!
{
	archiveVersion = 1;
	classes = {
	};
	objectVersion = 56;
	objects = {

/* Begin PBXBuildFile section */
		6B94B91D2AE921B6003D5E33 /* QuizView.swift in Sources */ = {isa = PBXBuildFile; fileRef = 6B94B91C2AE921B6003D5E33 /* QuizView.swift */; };
		6B94B91F2AE921C3003D5E33 /* QuestionModel.swift in Sources */ = {isa = PBXBuildFile; fileRef = 6B94B91E2AE921C3003D5E33 /* QuestionModel.swift */; };
		6B94B9212AE921CF003D5E33 /* QuizModel.swift in Sources */ = {isa = PBXBuildFile; fileRef = 6B94B9202AE921CF003D5E33 /* QuizModel.swift */; };
		6B94B9232AE9282C003D5E33 /* CharacterModel.swift in Sources */ = {isa = PBXBuildFile; fileRef = 6B94B9222AE9282C003D5E33 /* CharacterModel.swift */; };
		F6AB1C912AE2713400B2D8A4 /* HerculanumRegular.ttf in Resources */ = {isa = PBXBuildFile; fileRef = F6AB1C902AE2713400B2D8A4 /* HerculanumRegular.ttf */; };
		F736B6CD2AEFAEC600351B31 /* AllowLocation2.swift in Sources */ = {isa = PBXBuildFile; fileRef = F736B6CC2AEFAEC600351B31 /* AllowLocation2.swift */; };
		F77E67D02ADFE1E1004AF7F0 /* NeapulseApp.swift in Sources */ = {isa = PBXBuildFile; fileRef = F77E67CF2ADFE1E1004AF7F0 /* NeapulseApp.swift */; };
		F77E67D22ADFE1E1004AF7F0 /* ContentView.swift in Sources */ = {isa = PBXBuildFile; fileRef = F77E67D12ADFE1E1004AF7F0 /* ContentView.swift */; };
		F77E67D42ADFE1E2004AF7F0 /* Assets.xcassets in Resources */ = {isa = PBXBuildFile; fileRef = F77E67D32ADFE1E2004AF7F0 /* Assets.xcassets */; };
		F77E67D72ADFE1E2004AF7F0 /* Preview Assets.xcassets in Resources */ = {isa = PBXBuildFile; fileRef = F77E67D62ADFE1E2004AF7F0 /* Preview Assets.xcassets */; };
		F77E67E12ADFE1E2004AF7F0 /* NeapulseTests.swift in Sources */ = {isa = PBXBuildFile; fileRef = F77E67E02ADFE1E2004AF7F0 /* NeapulseTests.swift */; };
		F77E67EB2ADFE1E2004AF7F0 /* NeapulseUITests.swift in Sources */ = {isa = PBXBuildFile; fileRef = F77E67EA2ADFE1E2004AF7F0 /* NeapulseUITests.swift */; };
		F77E67ED2ADFE1E2004AF7F0 /* NeapulseUITestsLaunchTests.swift in Sources */ = {isa = PBXBuildFile; fileRef = F77E67EC2ADFE1E2004AF7F0 /* NeapulseUITestsLaunchTests.swift */; };
		F7A8FF142ADFE84D0047DEE1 /* MapView.swift in Sources */ = {isa = PBXBuildFile; fileRef = F7A8FF132ADFE84D0047DEE1 /* MapView.swift */; };
		F7A8FF182ADFE8710047DEE1 /* LifeStyleView.swift in Sources */ = {isa = PBXBuildFile; fileRef = F7A8FF172ADFE8710047DEE1 /* LifeStyleView.swift */; };
		F7EAFD562AE263A400007E3F /* Attraction.swift in Sources */ = {isa = PBXBuildFile; fileRef = F7EAFD552AE263A400007E3F /* Attraction.swift */; };
		F7EAFD582AE263B400007E3F /* Food.swift in Sources */ = {isa = PBXBuildFile; fileRef = F7EAFD572AE263B400007E3F /* Food.swift */; };
		F7EAFD5A2AE263C800007E3F /* Folklore.swift in Sources */ = {isa = PBXBuildFile; fileRef = F7EAFD592AE263C800007E3F /* Folklore.swift */; };
/* End PBXBuildFile section */

/* Begin PBXContainerItemProxy section */
		F77E67DD2ADFE1E2004AF7F0 /* PBXContainerItemProxy */ = {
			isa = PBXContainerItemProxy;
			containerPortal = F77E67C42ADFE1E1004AF7F0 /* Project object */;
			proxyType = 1;
			remoteGlobalIDString = F77E67CB2ADFE1E1004AF7F0;
			remoteInfo = Neapulse;
		};
		F77E67E72ADFE1E2004AF7F0 /* PBXContainerItemProxy */ = {
			isa = PBXContainerItemProxy;
			containerPortal = F77E67C42ADFE1E1004AF7F0 /* Project object */;
			proxyType = 1;
			remoteGlobalIDString = F77E67CB2ADFE1E1004AF7F0;
			remoteInfo = Neapulse;
		};
/* End PBXContainerItemProxy section */

/* Begin PBXFileReference section */
		6B94B91C2AE921B6003D5E33 /* QuizView.swift */ = {isa = PBXFileReference; lastKnownFileType = sourcecode.swift; path = QuizView.swift; sourceTree = "<group>"; };
		6B94B91E2AE921C3003D5E33 /* QuestionModel.swift */ = {isa = PBXFileReference; lastKnownFileType = sourcecode.swift; path = QuestionModel.swift; sourceTree = "<group>"; };
		6B94B9202AE921CF003D5E33 /* QuizModel.swift */ = {isa = PBXFileReference; lastKnownFileType = sourcecode.swift; path = QuizModel.swift; sourceTree = "<group>"; };
		6B94B9222AE9282C003D5E33 /* CharacterModel.swift */ = {isa = PBXFileReference; lastKnownFileType = sourcecode.swift; path = CharacterModel.swift; sourceTree = "<group>"; };
		F6AB1C902AE2713400B2D8A4 /* HerculanumRegular.ttf */ = {isa = PBXFileReference; lastKnownFileType = file; path = HerculanumRegular.ttf; sourceTree = "<group>"; };
		F6AB1C942AE2723700B2D8A4 /* Info.plist */ = {isa = PBXFileReference; lastKnownFileType = text.plist; path = Info.plist; sourceTree = "<group>"; };
		F736B6CC2AEFAEC600351B31 /* AllowLocation2.swift */ = {isa = PBXFileReference; lastKnownFileType = sourcecode.swift; path = AllowLocation2.swift; sourceTree = "<group>"; };
		F77E67CC2ADFE1E1004AF7F0 /* Neapulse.app */ = {isa = PBXFileReference; explicitFileType = wrapper.application; includeInIndex = 0; path = Neapulse.app; sourceTree = BUILT_PRODUCTS_DIR; };
		F77E67CF2ADFE1E1004AF7F0 /* NeapulseApp.swift */ = {isa = PBXFileReference; lastKnownFileType = sourcecode.swift; path = NeapulseApp.swift; sourceTree = "<group>"; };
		F77E67D12ADFE1E1004AF7F0 /* ContentView.swift */ = {isa = PBXFileReference; lastKnownFileType = sourcecode.swift; path = ContentView.swift; sourceTree = "<group>"; };
		F77E67D32ADFE1E2004AF7F0 /* Assets.xcassets */ = {isa = PBXFileReference; lastKnownFileType = folder.assetcatalog; path = Assets.xcassets; sourceTree = "<group>"; };
		F77E67D62ADFE1E2004AF7F0 /* Preview Assets.xcassets */ = {isa = PBXFileReference; lastKnownFileType = folder.assetcatalog; path = "Preview Assets.xcassets"; sourceTree = "<group>"; };
		F77E67DC2ADFE1E2004AF7F0 /* NeapulseTests.xctest */ = {isa = PBXFileReference; explicitFileType = wrapper.cfbundle; includeInIndex = 0; path = NeapulseTests.xctest; sourceTree = BUILT_PRODUCTS_DIR; };
		F77E67E02ADFE1E2004AF7F0 /* NeapulseTests.swift */ = {isa = PBXFileReference; lastKnownFileType = sourcecode.swift; path = NeapulseTests.swift; sourceTree = "<group>"; };
		F77E67E62ADFE1E2004AF7F0 /* NeapulseUITests.xctest */ = {isa = PBXFileReference; explicitFileType = wrapper.cfbundle; includeInIndex = 0; path = NeapulseUITests.xctest; sourceTree = BUILT_PRODUCTS_DIR; };
		F77E67EA2ADFE1E2004AF7F0 /* NeapulseUITests.swift */ = {isa = PBXFileReference; lastKnownFileType = sourcecode.swift; path = NeapulseUITests.swift; sourceTree = "<group>"; };
		F77E67EC2ADFE1E2004AF7F0 /* NeapulseUITestsLaunchTests.swift */ = {isa = PBXFileReference; lastKnownFileType = sourcecode.swift; path = NeapulseUITestsLaunchTests.swift; sourceTree = "<group>"; };
		F7A8FF132ADFE84D0047DEE1 /* MapView.swift */ = {isa = PBXFileReference; lastKnownFileType = sourcecode.swift; path = MapView.swift; sourceTree = "<group>"; };
		F7A8FF172ADFE8710047DEE1 /* LifeStyleView.swift */ = {isa = PBXFileReference; lastKnownFileType = sourcecode.swift; path = LifeStyleView.swift; sourceTree = "<group>"; };
		F7EAFD552AE263A400007E3F /* Attraction.swift */ = {isa = PBXFileReference; lastKnownFileType = sourcecode.swift; path = Attraction.swift; sourceTree = "<group>"; };
		F7EAFD572AE263B400007E3F /* Food.swift */ = {isa = PBXFileReference; lastKnownFileType = sourcecode.swift; path = Food.swift; sourceTree = "<group>"; };
		F7EAFD592AE263C800007E3F /* Folklore.swift */ = {isa = PBXFileReference; lastKnownFileType = sourcecode.swift; path = Folklore.swift; sourceTree = "<group>"; };
/* End PBXFileReference section */

/* Begin PBXFrameworksBuildPhase section */
		F77E67C92ADFE1E1004AF7F0 /* Frameworks */ = {
			isa = PBXFrameworksBuildPhase;
			buildActionMask = 2147483647;
			files = (
			);
			runOnlyForDeploymentPostprocessing = 0;
		};
		F77E67D92ADFE1E2004AF7F0 /* Frameworks */ = {
			isa = PBXFrameworksBuildPhase;
			buildActionMask = 2147483647;
			files = (
			);
			runOnlyForDeploymentPostprocessing = 0;
		};
		F77E67E32ADFE1E2004AF7F0 /* Frameworks */ = {
			isa = PBXFrameworksBuildPhase;
			buildActionMask = 2147483647;
			files = (
			);
			runOnlyForDeploymentPostprocessing = 0;
		};
/* End PBXFrameworksBuildPhase section */

/* Begin PBXGroup section */
		6B94B91B2AE921A1003D5E33 /* New Group */ = {
			isa = PBXGroup;
			children = (
				6B94B91C2AE921B6003D5E33 /* QuizView.swift */,
				6B94B91E2AE921C3003D5E33 /* QuestionModel.swift */,
				6B94B9202AE921CF003D5E33 /* QuizModel.swift */,
				6B94B9222AE9282C003D5E33 /* CharacterModel.swift */,
			);
			path = "New Group";
			sourceTree = "<group>";
		};
		F6AB1C8F2AE270F300B2D8A4 /* Font */ = {
			isa = PBXGroup;
			children = (
				F6AB1C902AE2713400B2D8A4 /* HerculanumRegular.ttf */,
			);
			path = Font;
			sourceTree = "<group>";
		};
		F77E67C32ADFE1E1004AF7F0 = {
			isa = PBXGroup;
			children = (
				F77E67CE2ADFE1E1004AF7F0 /* Neapulse */,
				F77E67DF2ADFE1E2004AF7F0 /* NeapulseTests */,
				F77E67E92ADFE1E2004AF7F0 /* NeapulseUITests */,
				F77E67CD2ADFE1E1004AF7F0 /* Products */,
			);
			sourceTree = "<group>";
		};
		F77E67CD2ADFE1E1004AF7F0 /* Products */ = {
			isa = PBXGroup;
			children = (
				F77E67CC2ADFE1E1004AF7F0 /* Neapulse.app */,
				F77E67DC2ADFE1E2004AF7F0 /* NeapulseTests.xctest */,
				F77E67E62ADFE1E2004AF7F0 /* NeapulseUITests.xctest */,
			);
			name = Products;
			sourceTree = "<group>";
		};
		F77E67CE2ADFE1E1004AF7F0 /* Neapulse */ = {
			isa = PBXGroup;
			children = (
				F6AB1C942AE2723700B2D8A4 /* Info.plist */,
				F6AB1C8F2AE270F300B2D8A4 /* Font */,
				F7A8FF132ADFE84D0047DEE1 /* MapView.swift */,
				F77E67CF2ADFE1E1004AF7F0 /* NeapulseApp.swift */,
				F77E67D12ADFE1E1004AF7F0 /* ContentView.swift */,
				F736B6CC2AEFAEC600351B31 /* AllowLocation2.swift */,
				6B94B91B2AE921A1003D5E33 /* New Group */,
				F7A8FF172ADFE8710047DEE1 /* LifeStyleView.swift */,
				F7EAFD552AE263A400007E3F /* Attraction.swift */,
				F7EAFD572AE263B400007E3F /* Food.swift */,
				F7EAFD592AE263C800007E3F /* Folklore.swift */,
				F77E67D32ADFE1E2004AF7F0 /* Assets.xcassets */,
				F77E67D52ADFE1E2004AF7F0 /* Preview Content */,
			);
			path = Neapulse;
			sourceTree = "<group>";
		};
		F77E67D52ADFE1E2004AF7F0 /* Preview Content */ = {
			isa = PBXGroup;
			children = (
				F77E67D62ADFE1E2004AF7F0 /* Preview Assets.xcassets */,
			);
			path = "Preview Content";
			sourceTree = "<group>";
		};
		F77E67DF2ADFE1E2004AF7F0 /* NeapulseTests */ = {
			isa = PBXGroup;
			children = (
				F77E67E02ADFE1E2004AF7F0 /* NeapulseTests.swift */,
			);
			path = NeapulseTests;
			sourceTree = "<group>";
		};
		F77E67E92ADFE1E2004AF7F0 /* NeapulseUITests */ = {
			isa = PBXGroup;
			children = (
				F77E67EA2ADFE1E2004AF7F0 /* NeapulseUITests.swift */,
				F77E67EC2ADFE1E2004AF7F0 /* NeapulseUITestsLaunchTests.swift */,
			);
			path = NeapulseUITests;
			sourceTree = "<group>";
		};
/* End PBXGroup section */

/* Begin PBXNativeTarget section */
		F77E67CB2ADFE1E1004AF7F0 /* Neapulse */ = {
			isa = PBXNativeTarget;
			buildConfigurationList = F77E67F02ADFE1E2004AF7F0 /* Build configuration list for PBXNativeTarget "Neapulse" */;
			buildPhases = (
				F77E67C82ADFE1E1004AF7F0 /* Sources */,
				F77E67C92ADFE1E1004AF7F0 /* Frameworks */,
				F77E67CA2ADFE1E1004AF7F0 /* Resources */,
			);
			buildRules = (
			);
			dependencies = (
			);
			name = Neapulse;
			productName = Neapulse;
			productReference = F77E67CC2ADFE1E1004AF7F0 /* Neapulse.app */;
			productType = "com.apple.product-type.application";
		};
		F77E67DB2ADFE1E2004AF7F0 /* NeapulseTests */ = {
			isa = PBXNativeTarget;
			buildConfigurationList = F77E67F32ADFE1E2004AF7F0 /* Build configuration list for PBXNativeTarget "NeapulseTests" */;
			buildPhases = (
				F77E67D82ADFE1E2004AF7F0 /* Sources */,
				F77E67D92ADFE1E2004AF7F0 /* Frameworks */,
				F77E67DA2ADFE1E2004AF7F0 /* Resources */,
			);
			buildRules = (
			);
			dependencies = (
				F77E67DE2ADFE1E2004AF7F0 /* PBXTargetDependency */,
			);
			name = NeapulseTests;
			productName = NeapulseTests;
			productReference = F77E67DC2ADFE1E2004AF7F0 /* NeapulseTests.xctest */;
			productType = "com.apple.product-type.bundle.unit-test";
		};
		F77E67E52ADFE1E2004AF7F0 /* NeapulseUITests */ = {
			isa = PBXNativeTarget;
			buildConfigurationList = F77E67F62ADFE1E2004AF7F0 /* Build configuration list for PBXNativeTarget "NeapulseUITests" */;
			buildPhases = (
				F77E67E22ADFE1E2004AF7F0 /* Sources */,
				F77E67E32ADFE1E2004AF7F0 /* Frameworks */,
				F77E67E42ADFE1E2004AF7F0 /* Resources */,
			);
			buildRules = (
			);
			dependencies = (
				F77E67E82ADFE1E2004AF7F0 /* PBXTargetDependency */,
			);
			name = NeapulseUITests;
			productName = NeapulseUITests;
			productReference = F77E67E62ADFE1E2004AF7F0 /* NeapulseUITests.xctest */;
			productType = "com.apple.product-type.bundle.ui-testing";
		};
/* End PBXNativeTarget section */

/* Begin PBXProject section */
		F77E67C42ADFE1E1004AF7F0 /* Project object */ = {
			isa = PBXProject;
			attributes = {
				BuildIndependentTargetsInParallel = 1;
				LastSwiftUpdateCheck = 1500;
				LastUpgradeCheck = 1500;
				TargetAttributes = {
					F77E67CB2ADFE1E1004AF7F0 = {
						CreatedOnToolsVersion = 15.0;
					};
					F77E67DB2ADFE1E2004AF7F0 = {
						CreatedOnToolsVersion = 15.0;
						TestTargetID = F77E67CB2ADFE1E1004AF7F0;
					};
					F77E67E52ADFE1E2004AF7F0 = {
						CreatedOnToolsVersion = 15.0;
						TestTargetID = F77E67CB2ADFE1E1004AF7F0;
					};
				};
			};
			buildConfigurationList = F77E67C72ADFE1E1004AF7F0 /* Build configuration list for PBXProject "Neapulse" */;
			compatibilityVersion = "Xcode 14.0";
			developmentRegion = en;
			hasScannedForEncodings = 0;
			knownRegions = (
				en,
				Base,
			);
			mainGroup = F77E67C32ADFE1E1004AF7F0;
			productRefGroup = F77E67CD2ADFE1E1004AF7F0 /* Products */;
			projectDirPath = "";
			projectRoot = "";
			targets = (
				F77E67CB2ADFE1E1004AF7F0 /* Neapulse */,
				F77E67DB2ADFE1E2004AF7F0 /* NeapulseTests */,
				F77E67E52ADFE1E2004AF7F0 /* NeapulseUITests */,
			);
		};
/* End PBXProject section */

/* Begin PBXResourcesBuildPhase section */
		F77E67CA2ADFE1E1004AF7F0 /* Resources */ = {
			isa = PBXResourcesBuildPhase;
			buildActionMask = 2147483647;
			files = (
				F77E67D72ADFE1E2004AF7F0 /* Preview Assets.xcassets in Resources */,
				F6AB1C912AE2713400B2D8A4 /* HerculanumRegular.ttf in Resources */,
				F77E67D42ADFE1E2004AF7F0 /* Assets.xcassets in Resources */,
			);
			runOnlyForDeploymentPostprocessing = 0;
		};
		F77E67DA2ADFE1E2004AF7F0 /* Resources */ = {
			isa = PBXResourcesBuildPhase;
			buildActionMask = 2147483647;
			files = (
			);
			runOnlyForDeploymentPostprocessing = 0;
		};
		F77E67E42ADFE1E2004AF7F0 /* Resources */ = {
			isa = PBXResourcesBuildPhase;
			buildActionMask = 2147483647;
			files = (
			);
			runOnlyForDeploymentPostprocessing = 0;
		};
/* End PBXResourcesBuildPhase section */

/* Begin PBXSourcesBuildPhase section */
		F77E67C82ADFE1E1004AF7F0 /* Sources */ = {
			isa = PBXSourcesBuildPhase;
			buildActionMask = 2147483647;
			files = (
				F77E67D22ADFE1E1004AF7F0 /* ContentView.swift in Sources */,
				F736B6CD2AEFAEC600351B31 /* AllowLocation2.swift in Sources */,
				F7A8FF142ADFE84D0047DEE1 /* MapView.swift in Sources */,
				F7EAFD562AE263A400007E3F /* Attraction.swift in Sources */,
				F77E67D02ADFE1E1004AF7F0 /* NeapulseApp.swift in Sources */,
				6B94B9232AE9282C003D5E33 /* CharacterModel.swift in Sources */,
				6B94B9212AE921CF003D5E33 /* QuizModel.swift in Sources */,
				F7EAFD5A2AE263C800007E3F /* Folklore.swift in Sources */,
				6B94B91D2AE921B6003D5E33 /* QuizView.swift in Sources */,
				6B94B91F2AE921C3003D5E33 /* QuestionModel.swift in Sources */,
				F7A8FF182ADFE8710047DEE1 /* LifeStyleView.swift in Sources */,
				F7EAFD582AE263B400007E3F /* Food.swift in Sources */,
			);
			runOnlyForDeploymentPostprocessing = 0;
		};
		F77E67D82ADFE1E2004AF7F0 /* Sources */ = {
			isa = PBXSourcesBuildPhase;
			buildActionMask = 2147483647;
			files = (
				F77E67E12ADFE1E2004AF7F0 /* NeapulseTests.swift in Sources */,
			);
			runOnlyForDeploymentPostprocessing = 0;
		};
		F77E67E22ADFE1E2004AF7F0 /* Sources */ = {
			isa = PBXSourcesBuildPhase;
			buildActionMask = 2147483647;
			files = (
				F77E67ED2ADFE1E2004AF7F0 /* NeapulseUITestsLaunchTests.swift in Sources */,
				F77E67EB2ADFE1E2004AF7F0 /* NeapulseUITests.swift in Sources */,
			);
			runOnlyForDeploymentPostprocessing = 0;
		};
/* End PBXSourcesBuildPhase section */

/* Begin PBXTargetDependency section */
		F77E67DE2ADFE1E2004AF7F0 /* PBXTargetDependency */ = {
			isa = PBXTargetDependency;
			target = F77E67CB2ADFE1E1004AF7F0 /* Neapulse */;
			targetProxy = F77E67DD2ADFE1E2004AF7F0 /* PBXContainerItemProxy */;
		};
		F77E67E82ADFE1E2004AF7F0 /* PBXTargetDependency */ = {
			isa = PBXTargetDependency;
			target = F77E67CB2ADFE1E1004AF7F0 /* Neapulse */;
			targetProxy = F77E67E72ADFE1E2004AF7F0 /* PBXContainerItemProxy */;
		};
/* End PBXTargetDependency section */

/* Begin XCBuildConfiguration section */
		F77E67EE2ADFE1E2004AF7F0 /* Debug */ = {
			isa = XCBuildConfiguration;
			buildSettings = {
				ALWAYS_SEARCH_USER_PATHS = NO;
				ASSETCATALOG_COMPILER_GENERATE_SWIFT_ASSET_SYMBOL_EXTENSIONS = YES;
				CLANG_ANALYZER_NONNULL = YES;
				CLANG_ANALYZER_NUMBER_OBJECT_CONVERSION = YES_AGGRESSIVE;
				CLANG_CXX_LANGUAGE_STANDARD = "gnu++20";
				CLANG_ENABLE_MODULES = YES;
				CLANG_ENABLE_OBJC_ARC = YES;
				CLANG_ENABLE_OBJC_WEAK = YES;
				CLANG_WARN_BLOCK_CAPTURE_AUTORELEASING = YES;
				CLANG_WARN_BOOL_CONVERSION = YES;
				CLANG_WARN_COMMA = YES;
				CLANG_WARN_CONSTANT_CONVERSION = YES;
				CLANG_WARN_DEPRECATED_OBJC_IMPLEMENTATIONS = YES;
				CLANG_WARN_DIRECT_OBJC_ISA_USAGE = YES_ERROR;
				CLANG_WARN_DOCUMENTATION_COMMENTS = YES;
				CLANG_WARN_EMPTY_BODY = YES;
				CLANG_WARN_ENUM_CONVERSION = YES;
				CLANG_WARN_INFINITE_RECURSION = YES;
				CLANG_WARN_INT_CONVERSION = YES;
				CLANG_WARN_NON_LITERAL_NULL_CONVERSION = YES;
				CLANG_WARN_OBJC_IMPLICIT_RETAIN_SELF = YES;
				CLANG_WARN_OBJC_LITERAL_CONVERSION = YES;
				CLANG_WARN_OBJC_ROOT_CLASS = YES_ERROR;
				CLANG_WARN_QUOTED_INCLUDE_IN_FRAMEWORK_HEADER = YES;
				CLANG_WARN_RANGE_LOOP_ANALYSIS = YES;
				CLANG_WARN_STRICT_PROTOTYPES = YES;
				CLANG_WARN_SUSPICIOUS_MOVE = YES;
				CLANG_WARN_UNGUARDED_AVAILABILITY = YES_AGGRESSIVE;
				CLANG_WARN_UNREACHABLE_CODE = YES;
				CLANG_WARN__DUPLICATE_METHOD_MATCH = YES;
				COPY_PHASE_STRIP = NO;
				DEBUG_INFORMATION_FORMAT = dwarf;
				ENABLE_STRICT_OBJC_MSGSEND = YES;
				ENABLE_TESTABILITY = YES;
				ENABLE_USER_SCRIPT_SANDBOXING = YES;
				GCC_C_LANGUAGE_STANDARD = gnu17;
				GCC_DYNAMIC_NO_PIC = NO;
				GCC_NO_COMMON_BLOCKS = YES;
				GCC_OPTIMIZATION_LEVEL = 0;
				GCC_PREPROCESSOR_DEFINITIONS = (
					"DEBUG=1",
					"$(inherited)",
				);
				GCC_WARN_64_TO_32_BIT_CONVERSION = YES;
				GCC_WARN_ABOUT_RETURN_TYPE = YES_ERROR;
				GCC_WARN_UNDECLARED_SELECTOR = YES;
				GCC_WARN_UNINITIALIZED_AUTOS = YES_AGGRESSIVE;
				GCC_WARN_UNUSED_FUNCTION = YES;
				GCC_WARN_UNUSED_VARIABLE = YES;
				IPHONEOS_DEPLOYMENT_TARGET = 17.0;
				LOCALIZATION_PREFERS_STRING_CATALOGS = YES;
				MTL_ENABLE_DEBUG_INFO = INCLUDE_SOURCE;
				MTL_FAST_MATH = YES;
				ONLY_ACTIVE_ARCH = YES;
				SDKROOT = iphoneos;
				SWIFT_ACTIVE_COMPILATION_CONDITIONS = "DEBUG $(inherited)";
				SWIFT_OPTIMIZATION_LEVEL = "-Onone";
			};
			name = Debug;
		};
		F77E67EF2ADFE1E2004AF7F0 /* Release */ = {
			isa = XCBuildConfiguration;
			buildSettings = {
				ALWAYS_SEARCH_USER_PATHS = NO;
				ASSETCATALOG_COMPILER_GENERATE_SWIFT_ASSET_SYMBOL_EXTENSIONS = YES;
				CLANG_ANALYZER_NONNULL = YES;
				CLANG_ANALYZER_NUMBER_OBJECT_CONVERSION = YES_AGGRESSIVE;
				CLANG_CXX_LANGUAGE_STANDARD = "gnu++20";
				CLANG_ENABLE_MODULES = YES;
				CLANG_ENABLE_OBJC_ARC = YES;
				CLANG_ENABLE_OBJC_WEAK = YES;
				CLANG_WARN_BLOCK_CAPTURE_AUTORELEASING = YES;
				CLANG_WARN_BOOL_CONVERSION = YES;
				CLANG_WARN_COMMA = YES;
				CLANG_WARN_CONSTANT_CONVERSION = YES;
				CLANG_WARN_DEPRECATED_OBJC_IMPLEMENTATIONS = YES;
				CLANG_WARN_DIRECT_OBJC_ISA_USAGE = YES_ERROR;
				CLANG_WARN_DOCUMENTATION_COMMENTS = YES;
				CLANG_WARN_EMPTY_BODY = YES;
				CLANG_WARN_ENUM_CONVERSION = YES;
				CLANG_WARN_INFINITE_RECURSION = YES;
				CLANG_WARN_INT_CONVERSION = YES;
				CLANG_WARN_NON_LITERAL_NULL_CONVERSION = YES;
				CLANG_WARN_OBJC_IMPLICIT_RETAIN_SELF = YES;
				CLANG_WARN_OBJC_LITERAL_CONVERSION = YES;
				CLANG_WARN_OBJC_ROOT_CLASS = YES_ERROR;
				CLANG_WARN_QUOTED_INCLUDE_IN_FRAMEWORK_HEADER = YES;
				CLANG_WARN_RANGE_LOOP_ANALYSIS = YES;
				CLANG_WARN_STRICT_PROTOTYPES = YES;
				CLANG_WARN_SUSPICIOUS_MOVE = YES;
				CLANG_WARN_UNGUARDED_AVAILABILITY = YES_AGGRESSIVE;
				CLANG_WARN_UNREACHABLE_CODE = YES;
				CLANG_WARN__DUPLICATE_METHOD_MATCH = YES;
				COPY_PHASE_STRIP = NO;
				DEBUG_INFORMATION_FORMAT = "dwarf-with-dsym";
				ENABLE_NS_ASSERTIONS = NO;
				ENABLE_STRICT_OBJC_MSGSEND = YES;
				ENABLE_USER_SCRIPT_SANDBOXING = YES;
				GCC_C_LANGUAGE_STANDARD = gnu17;
				GCC_NO_COMMON_BLOCKS = YES;
				GCC_WARN_64_TO_32_BIT_CONVERSION = YES;
				GCC_WARN_ABOUT_RETURN_TYPE = YES_ERROR;
				GCC_WARN_UNDECLARED_SELECTOR = YES;
				GCC_WARN_UNINITIALIZED_AUTOS = YES_AGGRESSIVE;
				GCC_WARN_UNUSED_FUNCTION = YES;
				GCC_WARN_UNUSED_VARIABLE = YES;
				IPHONEOS_DEPLOYMENT_TARGET = 17.0;
				LOCALIZATION_PREFERS_STRING_CATALOGS = YES;
				MTL_ENABLE_DEBUG_INFO = NO;
				MTL_FAST_MATH = YES;
				SDKROOT = iphoneos;
				SWIFT_COMPILATION_MODE = wholemodule;
				VALIDATE_PRODUCT = YES;
			};
			name = Release;
		};
		F77E67F12ADFE1E2004AF7F0 /* Debug */ = {
			isa = XCBuildConfiguration;
			buildSettings = {
				ASSETCATALOG_COMPILER_APPICON_NAME = AppIcon;
				ASSETCATALOG_COMPILER_GLOBAL_ACCENT_COLOR_NAME = AccentColor;
				CODE_SIGN_STYLE = Automatic;
				CURRENT_PROJECT_VERSION = 1;
				DEVELOPMENT_ASSET_PATHS = "\"Neapulse/Preview Content\"";
				DEVELOPMENT_TEAM = BR87TSD6UG;
				ENABLE_PREVIEWS = YES;
				GENERATE_INFOPLIST_FILE = YES;
				INFOPLIST_FILE = Neapulse/Info.plist;
				INFOPLIST_KEY_UIApplicationSceneManifest_Generation = YES;
				INFOPLIST_KEY_UIApplicationSupportsIndirectInputEvents = YES;
				INFOPLIST_KEY_UILaunchScreen_Generation = YES;
				INFOPLIST_KEY_UISupportedInterfaceOrientations_iPad = "UIInterfaceOrientationPortrait UIInterfaceOrientationPortraitUpsideDown UIInterfaceOrientationLandscapeLeft UIInterfaceOrientationLandscapeRight";
				INFOPLIST_KEY_UISupportedInterfaceOrientations_iPhone = "UIInterfaceOrientationPortrait UIInterfaceOrientationLandscapeLeft UIInterfaceOrientationLandscapeRight";
				LD_RUNPATH_SEARCH_PATHS = (
					"$(inherited)",
					"@executable_path/Frameworks",
				);
				MARKETING_VERSION = 1.0;
				PRODUCT_BUNDLE_IDENTIFIER = com.bartolomeoventrone.Neapulse;
				PRODUCT_NAME = "$(TARGET_NAME)";
				SWIFT_EMIT_LOC_STRINGS = YES;
				SWIFT_VERSION = 5.0;
				TARGETED_DEVICE_FAMILY = "1,2";
			};
			name = Debug;
		};
		F77E67F22ADFE1E2004AF7F0 /* Release */ = {
			isa = XCBuildConfiguration;
			buildSettings = {
				ASSETCATALOG_COMPILER_APPICON_NAME = AppIcon;
				ASSETCATALOG_COMPILER_GLOBAL_ACCENT_COLOR_NAME = AccentColor;
				CODE_SIGN_STYLE = Automatic;
				CURRENT_PROJECT_VERSION = 1;
				DEVELOPMENT_ASSET_PATHS = "\"Neapulse/Preview Content\"";
				DEVELOPMENT_TEAM = BR87TSD6UG;
				ENABLE_PREVIEWS = YES;
				GENERATE_INFOPLIST_FILE = YES;
				INFOPLIST_FILE = Neapulse/Info.plist;
				INFOPLIST_KEY_UIApplicationSceneManifest_Generation = YES;
				INFOPLIST_KEY_UIApplicationSupportsIndirectInputEvents = YES;
				INFOPLIST_KEY_UILaunchScreen_Generation = YES;
				INFOPLIST_KEY_UISupportedInterfaceOrientations_iPad = "UIInterfaceOrientationPortrait UIInterfaceOrientationPortraitUpsideDown UIInterfaceOrientationLandscapeLeft UIInterfaceOrientationLandscapeRight";
				INFOPLIST_KEY_UISupportedInterfaceOrientations_iPhone = "UIInterfaceOrientationPortrait UIInterfaceOrientationLandscapeLeft UIInterfaceOrientationLandscapeRight";
				LD_RUNPATH_SEARCH_PATHS = (
					"$(inherited)",
					"@executable_path/Frameworks",
				);
				MARKETING_VERSION = 1.0;
				PRODUCT_BUNDLE_IDENTIFIER = com.bartolomeoventrone.Neapulse;
				PRODUCT_NAME = "$(TARGET_NAME)";
				SWIFT_EMIT_LOC_STRINGS = YES;
				SWIFT_VERSION = 5.0;
				TARGETED_DEVICE_FAMILY = "1,2";
			};
			name = Release;
		};
		F77E67F42ADFE1E2004AF7F0 /* Debug */ = {
			isa = XCBuildConfiguration;
			buildSettings = {
				ALWAYS_EMBED_SWIFT_STANDARD_LIBRARIES = YES;
				BUNDLE_LOADER = "$(TEST_HOST)";
				CODE_SIGN_STYLE = Automatic;
				CURRENT_PROJECT_VERSION = 1;
				DEVELOPMENT_TEAM = BR87TSD6UG;
				GENERATE_INFOPLIST_FILE = YES;
				IPHONEOS_DEPLOYMENT_TARGET = 17.0;
				MARKETING_VERSION = 1.0;
				PRODUCT_BUNDLE_IDENTIFIER = com.bartolomeoventrone.NeapulseTests;
				PRODUCT_NAME = "$(TARGET_NAME)";
				SWIFT_EMIT_LOC_STRINGS = NO;
				SWIFT_VERSION = 5.0;
				TARGETED_DEVICE_FAMILY = "1,2";
				TEST_HOST = "$(BUILT_PRODUCTS_DIR)/Neapulse.app/$(BUNDLE_EXECUTABLE_FOLDER_PATH)/Neapulse";
			};
			name = Debug;
		};
		F77E67F52ADFE1E2004AF7F0 /* Release */ = {
			isa = XCBuildConfiguration;
			buildSettings = {
				ALWAYS_EMBED_SWIFT_STANDARD_LIBRARIES = YES;
				BUNDLE_LOADER = "$(TEST_HOST)";
				CODE_SIGN_STYLE = Automatic;
				CURRENT_PROJECT_VERSION = 1;
				DEVELOPMENT_TEAM = BR87TSD6UG;
				GENERATE_INFOPLIST_FILE = YES;
				IPHONEOS_DEPLOYMENT_TARGET = 17.0;
				MARKETING_VERSION = 1.0;
				PRODUCT_BUNDLE_IDENTIFIER = com.bartolomeoventrone.NeapulseTests;
				PRODUCT_NAME = "$(TARGET_NAME)";
				SWIFT_EMIT_LOC_STRINGS = NO;
				SWIFT_VERSION = 5.0;
				TARGETED_DEVICE_FAMILY = "1,2";
				TEST_HOST = "$(BUILT_PRODUCTS_DIR)/Neapulse.app/$(BUNDLE_EXECUTABLE_FOLDER_PATH)/Neapulse";
			};
			name = Release;
		};
		F77E67F72ADFE1E2004AF7F0 /* Debug */ = {
			isa = XCBuildConfiguration;
			buildSettings = {
				ALWAYS_EMBED_SWIFT_STANDARD_LIBRARIES = YES;
				CODE_SIGN_STYLE = Automatic;
				CURRENT_PROJECT_VERSION = 1;
				DEVELOPMENT_TEAM = BR87TSD6UG;
				GENERATE_INFOPLIST_FILE = YES;
				MARKETING_VERSION = 1.0;
				PRODUCT_BUNDLE_IDENTIFIER = com.bartolomeoventrone.NeapulseUITests;
				PRODUCT_NAME = "$(TARGET_NAME)";
				SWIFT_EMIT_LOC_STRINGS = NO;
				SWIFT_VERSION = 5.0;
				TARGETED_DEVICE_FAMILY = "1,2";
				TEST_TARGET_NAME = Neapulse;
			};
			name = Debug;
		};
		F77E67F82ADFE1E2004AF7F0 /* Release */ = {
			isa = XCBuildConfiguration;
			buildSettings = {
				ALWAYS_EMBED_SWIFT_STANDARD_LIBRARIES = YES;
				CODE_SIGN_STYLE = Automatic;
				CURRENT_PROJECT_VERSION = 1;
				DEVELOPMENT_TEAM = BR87TSD6UG;
				GENERATE_INFOPLIST_FILE = YES;
				MARKETING_VERSION = 1.0;
				PRODUCT_BUNDLE_IDENTIFIER = com.bartolomeoventrone.NeapulseUITests;
				PRODUCT_NAME = "$(TARGET_NAME)";
				SWIFT_EMIT_LOC_STRINGS = NO;
				SWIFT_VERSION = 5.0;
				TARGETED_DEVICE_FAMILY = "1,2";
				TEST_TARGET_NAME = Neapulse;
			};
			name = Release;
		};
/* End XCBuildConfiguration section */

/* Begin XCConfigurationList section */
		F77E67C72ADFE1E1004AF7F0 /* Build configuration list for PBXProject "Neapulse" */ = {
			isa = XCConfigurationList;
			buildConfigurations = (
				F77E67EE2ADFE1E2004AF7F0 /* Debug */,
				F77E67EF2ADFE1E2004AF7F0 /* Release */,
			);
			defaultConfigurationIsVisible = 0;
			defaultConfigurationName = Release;
		};
		F77E67F02ADFE1E2004AF7F0 /* Build configuration list for PBXNativeTarget "Neapulse" */ = {
			isa = XCConfigurationList;
			buildConfigurations = (
				F77E67F12ADFE1E2004AF7F0 /* Debug */,
				F77E67F22ADFE1E2004AF7F0 /* Release */,
			);
			defaultConfigurationIsVisible = 0;
			defaultConfigurationName = Release;
		};
		F77E67F32ADFE1E2004AF7F0 /* Build configuration list for PBXNativeTarget "NeapulseTests" */ = {
			isa = XCConfigurationList;
			buildConfigurations = (
				F77E67F42ADFE1E2004AF7F0 /* Debug */,
				F77E67F52ADFE1E2004AF7F0 /* Release */,
			);
			defaultConfigurationIsVisible = 0;
			defaultConfigurationName = Release;
		};
		F77E67F62ADFE1E2004AF7F0 /* Build configuration list for PBXNativeTarget "NeapulseUITests" */ = {
			isa = XCConfigurationList;
			buildConfigurations = (
				F77E67F72ADFE1E2004AF7F0 /* Debug */,
				F77E67F82ADFE1E2004AF7F0 /* Release */,
			);
			defaultConfigurationIsVisible = 0;
			defaultConfigurationName = Release;
		};
/* End XCConfigurationList section */
	};
	rootObject = F77E67C42ADFE1E1004AF7F0 /* Project object */;
}
